
Microsoft Visual Studio Solution File, Format Version 12.00
# Visual Studio Version 17
VisualStudioVersion = 17.4.33213.308
MinimumVisualStudioVersion = 10.0.40219.1
Project("{FAE04EC0-301F-11D3-BF4B-00C04F79EFBC}") = "BE.U2-W3-D5.PS_PIZZERIA", "BE.U2-W3-D5.PS_PIZZERIA\BE.U2-W3-D5.PS_PIZZERIA.csproj", "{F1FA6EAC-AF50-43C2-9F10-34F7186C5BEB}"
EndProject
Global
	GlobalSection(SolutionConfigurationPlatforms) = preSolution
		Debug|Any CPU = Debug|Any CPU
		Release|Any CPU = Release|Any CPU
	EndGlobalSection
	GlobalSection(ProjectConfigurationPlatforms) = postSolution
		{F1FA6EAC-AF50-43C2-9F10-34F7186C5BEB}.Debug|Any CPU.ActiveCfg = Debug|Any CPU
		{F1FA6EAC-AF50-43C2-9F10-34F7186C5BEB}.Debug|Any CPU.Build.0 = Debug|Any CPU
		{F1FA6EAC-AF50-43C2-9F10-34F7186C5BEB}.Release|Any CPU.ActiveCfg = Release|Any CPU
		{F1FA6EAC-AF50-43C2-9F10-34F7186C5BEB}.Release|Any CPU.Build.0 = Release|Any CPU
	EndGlobalSection
	GlobalSection(SolutionProperties) = preSolution
		HideSolutionNode = FALSE
	EndGlobalSection
	GlobalSection(ExtensibilityGlobals) = postSolution
		SolutionGuid = {F25EAEA8-AACC-419A-B276-FC7222E51A1F}
	EndGlobalSection
EndGlobal
